<?xml version="1.0" encoding="utf-8"?>
<Project ToolsVersion="4.0" xmlns="http://schemas.microsoft.com/developer/msbuild/2003">
  <ItemGroup>
    <Filter Include="Header Files">
      <UniqueIdentifier>{93995380-89BD-4b04-88EB-625FBE52EBFB}</UniqueIdentifier>
      <Extensions>h</Extensions>
    </Filter>
    <Filter Include="Form Files">
      <UniqueIdentifier>{99349809-55BA-4b9d-BF79-8FDBB0286EB3}</UniqueIdentifier>
      <Extensions>ui</Extensions>
    </Filter>
    <Filter Include="Resource Files">
      <UniqueIdentifier>{D9D6E242-F8AF-46E4-B9FD-80ECBC20BA3E}</UniqueIdentifier>
      <Extensions>qrc;*</Extensions>
      <ParseFiles>false</ParseFiles>
    </Filter>
    <Filter Include="Generated Files">
      <UniqueIdentifier>{71ED8ED8-ACB9-4CE9-BBE1-E00B30144E11}</UniqueIdentifier>
      <Extensions>moc;h;cpp</Extensions>
      <SourceControlFiles>False</SourceControlFiles>
    </Filter>
    <Filter Include="Generated Files\Debug">
      <UniqueIdentifier>{477e9cdb-f099-4a3b-ba47-b0a5d355a059}</UniqueIdentifier>
      <Extensions>cpp;moc</Extensions>
      <SourceControlFiles>False</SourceControlFiles>
    </Filter>
    <Filter Include="Generated Files\Release">
      <UniqueIdentifier>{27cd4bb1-6daf-46a3-b688-0760f804cb5b}</UniqueIdentifier>
      <Extensions>cpp;moc</Extensions>
      <SourceControlFiles>False</SourceControlFiles>
    </Filter>
    <Filter Include="Source Files">
      <UniqueIdentifier>{4FC737F1-C7A5-4376-A066-2A32D752A2FF}</UniqueIdentifier>
      <Extensions>cpp;cxx;c;def</Extensions>
    </Filter>
  </ItemGroup>
  <ItemGroup>
    <ClCompile Include="main.cpp">
      <Filter>Source Files</Filter>
    </ClCompile>
    <ClCompile Include="GeneratedFiles\qrc_cats2.cpp">
      <Filter>Generated Files</Filter>
    </ClCompile>
    <ClCompile Include="cats.cpp">
      <Filter>Source Files</Filter>
    </ClCompile>
    <ClCompile Include="plot.cpp">
      <Filter>Source Files</Filter>
    </ClCompile>
    <ClCompile Include="GeneratedFiles\Debug\moc_plot.cpp">
      <Filter>Generated Files\Debug</Filter>
    </ClCompile>
    <ClCompile Include="GeneratedFiles\Release\moc_plot.cpp">
      <Filter>Generated Files\Release</Filter>
    </ClCompile>
    <ClCompile Include="colormap.cpp">
      <Filter>Source Files</Filter>
    </ClCompile>
    <ClCompile Include="spectrogram.cpp">
      <Filter>Source Files</Filter>
    </ClCompile>
    <ClCompile Include="GeneratedFiles\Debug\moc_spectrogram.cpp">
      <Filter>Generated Files\Debug</Filter>
    </ClCompile>
    <ClCompile Include="GeneratedFiles\Release\moc_spectrogram.cpp">
      <Filter>Generated Files\Release</Filter>
    </ClCompile>
    <ClCompile Include="fft.cpp">
      <Filter>Source Files</Filter>
    </ClCompile>
    <ClCompile Include="fsearch.cpp">
      <Filter>Source Files</Filter>
    </ClCompile>
    <ClCompile Include="db.cpp">
      <Filter>Source Files</Filter>
    </ClCompile>
    <ClCompile Include="GeneratedFiles\Debug\moc_db.cpp">
      <Filter>Generated Files\Debug</Filter>
    </ClCompile>
    <ClCompile Include="GeneratedFiles\Release\moc_db.cpp">
      <Filter>Generated Files\Release</Filter>
    </ClCompile>
    <ClCompile Include="perceptual.cpp">
      <Filter>Source Files</Filter>
    </ClCompile>
    <ClCompile Include="feature_compare.cpp">
      <Filter>Source Files</Filter>
    </ClCompile>
    <ClCompile Include="filter_bank.cpp">
      <Filter>Source Files</Filter>
    </ClCompile>
  </ItemGroup>
  <ItemGroup>
    <CustomBuild Include="cats2.qrc">
      <Filter>Resource Files</Filter>
    </CustomBuild>
    <CustomBuild Include="cats.hpp">
      <Filter>Header Files</Filter>
    </CustomBuild>
    <CustomBuild Include="plot.hpp">
      <Filter>Header Files</Filter>
    </CustomBuild>
    <CustomBuild Include="spectrogram.hpp">
      <Filter>Header Files</Filter>
    </CustomBuild>
    <CustomBuild Include="signal.hpp">
      <Filter>Header Files</Filter>
    </CustomBuild>
    <CustomBuild Include="db.hpp">
      <Filter>Header Files</Filter>
    </CustomBuild>
    <CustomBuild Include="perceptual.hpp">
      <Filter>Header Files</Filter>
    </CustomBuild>
  </ItemGroup>
  <ItemGroup>
    <ClInclude Include="colormap.hpp">
      <Filter>Header Files</Filter>
    </ClInclude>
    <ClInclude Include="types.hpp">
      <Filter>Header Files</Filter>
    </ClInclude>
    <ClInclude Include="fft.hpp">
      <Filter>Header Files</Filter>
    </ClInclude>
    <ClInclude Include="fsearch.hpp">
      <Filter>Header Files</Filter>
    </ClInclude>
    <ClInclude Include="mp3.hpp">
      <Filter>Header Files</Filter>
    </ClInclude>
    <ClInclude Include="fp_vector.hpp">
      <Filter>Header Files</Filter>
    </ClInclude>
    <ClInclude Include="complex_vector.hpp">
      <Filter>Header Files</Filter>
    </ClInclude>
    <ClInclude Include="dct.hpp">
      <Filter>Header Files</Filter>
    </ClInclude>
    <ClInclude Include="fft_factory.hpp">
      <Filter>Header Files</Filter>
    </ClInclude>
    <ClInclude Include="mel_filter.hpp">
      <Filter>Header Files</Filter>
    </ClInclude>
    <ClInclude Include="mfcc.hpp">
      <Filter>Header Files</Filter>
    </ClInclude>
    <ClInclude Include="feature_compare.hpp">
      <Filter>Header Files</Filter>
    </ClInclude>
    <ClInclude Include="window.hpp">
      <Filter>Header Files</Filter>
    </ClInclude>
    <ClInclude Include="filter_bank.hpp">
      <Filter>Header Files</Filter>
    </ClInclude>
    <ClInclude Include="filter_noise.hpp">
      <Filter>Header Files</Filter>
    </ClInclude>
  </ItemGroup>
</Project>